
Microsoft Visual Studio Solution File, Format Version 12.00
# Visual Studio Version 17
VisualStudioVersion = 17.1.32421.90
MinimumVisualStudioVersion = 10.0.40219.1
Project("{FAE04EC0-301F-11D3-BF4B-00C04F79EFBC}") = "Kalkulator", "Kalkulator\Kalkulator.csproj", "{0E55E53D-D1CE-454E-A109-1EE7C1FC941C}"
EndProject
Global
	GlobalSection(SolutionConfigurationPlatforms) = preSolution
		Debug|Any CPU = Debug|Any CPU
		Release|Any CPU = Release|Any CPU
	EndGlobalSection
	GlobalSection(ProjectConfigurationPlatforms) = postSolution
		{0E55E53D-D1CE-454E-A109-1EE7C1FC941C}.Debug|Any CPU.ActiveCfg = Debug|Any CPU
		{0E55E53D-D1CE-454E-A109-1EE7C1FC941C}.Debug|Any CPU.Build.0 = Debug|Any CPU
		{0E55E53D-D1CE-454E-A109-1EE7C1FC941C}.Release|Any CPU.ActiveCfg = Release|Any CPU
		{0E55E53D-D1CE-454E-A109-1EE7C1FC941C}.Release|Any CPU.Build.0 = Release|Any CPU
	EndGlobalSection
	GlobalSection(SolutionProperties) = preSolution
		HideSolutionNode = FALSE
	EndGlobalSection
	GlobalSection(ExtensibilityGlobals) = postSolution
		SolutionGuid = {4BC0BA77-8030-4F52-AA58-D421E929F18B}
	EndGlobalSection
EndGlobal
