
Microsoft Visual Studio Solution File, Format Version 12.00
# Visual Studio Version 17
VisualStudioVersion = 17.1.32421.90
MinimumVisualStudioVersion = 10.0.40219.1
Project("{FAE04EC0-301F-11D3-BF4B-00C04F79EFBC}") = "_GUI_Automobili", "_GUI_Automobili\_GUI_Automobili.csproj", "{75EE5F3D-485E-4426-8A7F-63FB17AE5FFA}"
EndProject
Global
	GlobalSection(SolutionConfigurationPlatforms) = preSolution
		Debug|Any CPU = Debug|Any CPU
		Release|Any CPU = Release|Any CPU
	EndGlobalSection
	GlobalSection(ProjectConfigurationPlatforms) = postSolution
		{75EE5F3D-485E-4426-8A7F-63FB17AE5FFA}.Debug|Any CPU.ActiveCfg = Debug|Any CPU
		{75EE5F3D-485E-4426-8A7F-63FB17AE5FFA}.Debug|Any CPU.Build.0 = Debug|Any CPU
		{75EE5F3D-485E-4426-8A7F-63FB17AE5FFA}.Release|Any CPU.ActiveCfg = Release|Any CPU
		{75EE5F3D-485E-4426-8A7F-63FB17AE5FFA}.Release|Any CPU.Build.0 = Release|Any CPU
	EndGlobalSection
	GlobalSection(SolutionProperties) = preSolution
		HideSolutionNode = FALSE
	EndGlobalSection
	GlobalSection(ExtensibilityGlobals) = postSolution
		SolutionGuid = {4D2FD31C-2DCF-4DC5-882B-1CEB9E0D502C}
	EndGlobalSection
EndGlobal
